
Microsoft Visual Studio Solution File, Format Version 12.00
# Visual Studio Version 17
VisualStudioVersion = 17.6.33815.320
MinimumVisualStudioVersion = 10.0.40219.1
Project("{FAE04EC0-301F-11D3-BF4B-00C04F79EFBC}") = "AzureTableStorageConsoleApp", "AzureTableStorageConsoleApp\AzureTableStorageConsoleApp.csproj", "{E7526B8F-06E5-47DB-B4E1-8356358E7A0E}"
EndProject
Project("{FAE04EC0-301F-11D3-BF4B-00C04F79EFBC}") = "QueueStorageConsoleApp", "QueueStorageConsoleApp\QueueStorageConsoleApp.csproj", "{764B56D6-8D8D-48F4-998E-3EEEC14B13FA}"
EndProject
Project("{FAE04EC0-301F-11D3-BF4B-00C04F79EFBC}") = "FunctionAppQueueStorage", "FunctionAppQueueStorage\FunctionAppQueueStorage.csproj", "{5DC1E0B3-DC55-49CB-9CB6-A4F6CA69BFD4}"
EndProject
Global
	GlobalSection(SolutionConfigurationPlatforms) = preSolution
		Debug|Any CPU = Debug|Any CPU
		Release|Any CPU = Release|Any CPU
	EndGlobalSection
	GlobalSection(ProjectConfigurationPlatforms) = postSolution
		{E7526B8F-06E5-47DB-B4E1-8356358E7A0E}.Debug|Any CPU.ActiveCfg = Debug|Any CPU
		{E7526B8F-06E5-47DB-B4E1-8356358E7A0E}.Debug|Any CPU.Build.0 = Debug|Any CPU
		{E7526B8F-06E5-47DB-B4E1-8356358E7A0E}.Release|Any CPU.ActiveCfg = Release|Any CPU
		{E7526B8F-06E5-47DB-B4E1-8356358E7A0E}.Release|Any CPU.Build.0 = Release|Any CPU
		{764B56D6-8D8D-48F4-998E-3EEEC14B13FA}.Debug|Any CPU.ActiveCfg = Debug|Any CPU
		{764B56D6-8D8D-48F4-998E-3EEEC14B13FA}.Debug|Any CPU.Build.0 = Debug|Any CPU
		{764B56D6-8D8D-48F4-998E-3EEEC14B13FA}.Release|Any CPU.ActiveCfg = Release|Any CPU
		{764B56D6-8D8D-48F4-998E-3EEEC14B13FA}.Release|Any CPU.Build.0 = Release|Any CPU
		{5DC1E0B3-DC55-49CB-9CB6-A4F6CA69BFD4}.Debug|Any CPU.ActiveCfg = Debug|Any CPU
		{5DC1E0B3-DC55-49CB-9CB6-A4F6CA69BFD4}.Debug|Any CPU.Build.0 = Debug|Any CPU
		{5DC1E0B3-DC55-49CB-9CB6-A4F6CA69BFD4}.Release|Any CPU.ActiveCfg = Release|Any CPU
		{5DC1E0B3-DC55-49CB-9CB6-A4F6CA69BFD4}.Release|Any CPU.Build.0 = Release|Any CPU
	EndGlobalSection
	GlobalSection(SolutionProperties) = preSolution
		HideSolutionNode = FALSE
	EndGlobalSection
	GlobalSection(ExtensibilityGlobals) = postSolution
		SolutionGuid = {0BF665E8-48B6-4D61-947D-81133DABBF6C}
	EndGlobalSection
EndGlobal
